{
  "name": "volt-iroh-remote-demo",
  "version": "0.0.0",
  "lockfileVersion": 3,
  "requires": true,
  "packages": {
    "": {
      "name": "volt-iroh-remote-demo",
      "version": "0.0.0",
      "dependencies": {
        "@hansjm10/volt-iroh": "1.1.1-volt.2"
      }
    },
    "node_modules/@hansjm10/volt-iroh": {
      "version": "1.1.1-volt.2",
      "resolved": "https://registry.npmjs.org/@hansjm10/volt-iroh/-/volt-iroh-1.1.1-volt.2.tgz",
      "integrity": "sha512-WeBzTp+FZKsD45EnuzYXi6Dl4JgLaMB/GdpDHKU+Mo+SGQaOIhQxYRVIxAMfg+O75MX6dv1hZCfI7+zLci4caA==",
      "license": "MIT OR Apache-2.0",
      "engines": {
        "node": ">= 20.3.0"
      },
      "optionalDependencies": {
        "@hansjm10/volt-iroh-android-arm-eabi": "1.1.1-volt.2",
        "@hansjm10/volt-iroh-android-arm64": "1.1.1-volt.2",
        "@hansjm10/volt-iroh-darwin-arm64": "1.1.1-volt.2",
        "@hansjm10/volt-iroh-linux-arm-gnueabihf": "1.1.1-volt.2",
        "@hansjm10/volt-iroh-linux-arm-musleabihf": "1.1.1-volt.2",
        "@hansjm10/volt-iroh-linux-arm64-gnu": "1.1.1-volt.2",
        "@hansjm10/volt-iroh-linux-arm64-musl": "1.1.1-volt.2",
        "@hansjm10/volt-iroh-linux-x64-gnu": "1.1.1-volt.2",
        "@hansjm10/volt-iroh-linux-x64-musl": "1.1.1-volt.2",
        "@hansjm10/volt-iroh-win32-arm64-msvc": "1.1.1-volt.2",
        "@hansjm10/volt-iroh-win32-x64-msvc": "1.1.1-volt.2"
      }
    },
    "node_modules/@hansjm10/volt-iroh-android-arm-eabi": {
      "version": "1.1.1-volt.2",
      "resolved": "https://registry.npmjs.org/@hansjm10/volt-iroh-android-arm-eabi/-/volt-iroh-android-arm-eabi-1.1.1-volt.2.tgz",
      "integrity": "sha512-EjH6Qwvnzd+fTDusPqz7L4ByyYPDzXkpRAhWvRkDkg4N+TAKqVt0pXSfhtoCCEtpO2AGk1NbzWMVpD1TXzO+0g==",
      "cpu": [
        "arm"
      ],
      "license": "MIT OR Apache-2.0",
      "optional": true,
      "os": [
        "android"
      ],
      "engines": {
        "node": ">= 10"
      }
    },
    "node_modules/@hansjm10/volt-iroh-android-arm64": {
      "version": "1.1.1-volt.2",
      "resolved": "https://registry.npmjs.org/@hansjm10/volt-iroh-android-arm64/-/volt-iroh-android-arm64-1.1.1-volt.2.tgz",
      "integrity": "sha512-n7FSJ93ehXhS36ctAE1osF+ms0D+BF1ac2O9x/7LulzTiJQ88wKgRSda0l6SSQvy8WCiDSpqn93PipxT8frT0Q==",
      "cpu": [
        "arm64"
      ],
      "license": "MIT OR Apache-2.0",
      "optional": true,
      "os": [
        "android"
      ],
      "engines": {
        "node": ">= 10"
      }
    },
    "node_modules/@hansjm10/volt-iroh-darwin-arm64": {
      "version": "1.1.1-volt.2",
      "resolved": "https://registry.npmjs.org/@hansjm10/volt-iroh-darwin-arm64/-/volt-iroh-darwin-arm64-1.1.1-volt.2.tgz",
      "integrity": "sha512-ijLqaWbekIOL1wPw4tqKYFPa5DWbHf6x8hqkqWQnPgWN+676JZ2nz9DarOTkj7GXH8tXorkJWSmmAqrpqTSMcQ==",
      "cpu": [
        "arm64"
      ],
      "license": "MIT OR Apache-2.0",
      "optional": true,
      "os": [
        "darwin"
      ],
      "engines": {
        "node": ">= 10"
      }
    },
    "node_modules/@hansjm10/volt-iroh-linux-arm-gnueabihf": {
      "version": "1.1.1-volt.2",
      "resolved": "https://registry.npmjs.org/@hansjm10/volt-iroh-linux-arm-gnueabihf/-/volt-iroh-linux-arm-gnueabihf-1.1.1-volt.2.tgz",
      "integrity": "sha512-zO1mDsJiHv7zGcBsTFiJVrms5z5pQmUScel+C3uLo7qD7eOeFXrzSukeBLf1dlHHVhKBkcwLlEQX07whRal6jg==",
      "cpu": [
        "arm"
      ],
      "libc": [
        "glibc"
      ],
      "license": "MIT OR Apache-2.0",
      "optional": true,
      "os": [
        "linux"
      ],
      "engines": {
        "node": ">= 10"
      }
    },
    "node_modules/@hansjm10/volt-iroh-linux-arm-musleabihf": {
      "version": "1.1.1-volt.2",
      "resolved": "https://registry.npmjs.org/@hansjm10/volt-iroh-linux-arm-musleabihf/-/volt-iroh-linux-arm-musleabihf-1.1.1-volt.2.tgz",
      "integrity": "sha512-sohPW6K57TS4HMVtxhRkjGXGDSOOVipFdIBCwqxLHhfhPAtLzMw8BMsoJho9dbTETJc5MCU29fmgHO8/dyzg/Q==",
      "cpu": [
        "arm"
      ],
      "libc": [
        "musl"
      ],
      "license": "MIT OR Apache-2.0",
      "optional": true,
      "os": [
        "linux"
      ],
      "engines": {
        "node": ">= 10"
      }
    },
    "node_modules/@hansjm10/volt-iroh-linux-arm64-gnu": {
      "version": "1.1.1-volt.2",
      "resolved": "https://registry.npmjs.org/@hansjm10/volt-iroh-linux-arm64-gnu/-/volt-iroh-linux-arm64-gnu-1.1.1-volt.2.tgz",
      "integrity": "sha512-dQQMJNwaT3LlfSwrE8TPk8Z4e8C7jgZgTDw5uOgT5Cjeu/ky/wEEooIGMbUv5cYNDblERzrw5zUmXyBbmS8cEQ==",
      "cpu": [
        "arm64"
      ],
      "libc": [
        "glibc"
      ],
      "license": "MIT OR Apache-2.0",
      "optional": true,
      "os": [
        "linux"
      ],
      "engines": {
        "node": ">= 10"
      }
    },
    "node_modules/@hansjm10/volt-iroh-linux-arm64-musl": {
      "version": "1.1.1-volt.2",
      "resolved": "https://registry.npmjs.org/@hansjm10/volt-iroh-linux-arm64-musl/-/volt-iroh-linux-arm64-musl-1.1.1-volt.2.tgz",
      "integrity": "sha512-qOM6BxrY7QFmhPORe5/XFCjpIkxIlCxO33b0l8ODn0+9jwur1oWjo9qGh9I0pNIczReguoIBitgAApQ3xj5DRA==",
      "cpu": [
        "arm64"
      ],
      "libc": [
        "musl"
      ],
      "license": "MIT OR Apache-2.0",
      "optional": true,
      "os": [
        "linux"
      ],
      "engines": {
        "node": ">= 10"
      }
    },
    "node_modules/@hansjm10/volt-iroh-linux-x64-gnu": {
      "version": "1.1.1-volt.2",
      "resolved": "https://registry.npmjs.org/@hansjm10/volt-iroh-linux-x64-gnu/-/volt-iroh-linux-x64-gnu-1.1.1-volt.2.tgz",
      "integrity": "sha512-CTfCnSLbgNG6LPUwrQ9fndOssV98AjM1AX4hFt/tYQ/g4Qrmb3Ytr0yBBPim8anPI6M3twN1Kz3TFeRXz8vsoQ==",
      "cpu": [
        "x64"
      ],
      "libc": [
        "glibc"
      ],
      "license": "MIT OR Apache-2.0",
      "optional": true,
      "os": [
        "linux"
      ],
      "engines": {
        "node": ">= 10"
      }
    },
    "node_modules/@hansjm10/volt-iroh-linux-x64-musl": {
      "version": "1.1.1-volt.2",
      "resolved": "https://registry.npmjs.org/@hansjm10/volt-iroh-linux-x64-musl/-/volt-iroh-linux-x64-musl-1.1.1-volt.2.tgz",
      "integrity": "sha512-6jl5eN6woFoohDofE2IFBz4M6xk1uEelWUp/50qkXMlaiEwbtMP2tFRu/OwK0nnGmQnYoapRAJZosz8brXaCkw==",
      "cpu": [
        "x64"
      ],
      "libc": [
        "musl"
      ],
      "license": "MIT OR Apache-2.0",
      "optional": true,
      "os": [
        "linux"
      ],
      "engines": {
        "node": ">= 10"
      }
    },
    "node_modules/@hansjm10/volt-iroh-win32-arm64-msvc": {
      "version": "1.1.1-volt.2",
      "resolved": "https://registry.npmjs.org/@hansjm10/volt-iroh-win32-arm64-msvc/-/volt-iroh-win32-arm64-msvc-1.1.1-volt.2.tgz",
      "integrity": "sha512-ozH56qyhhSpQ4TBP9L73W9CKbpjXqsM8RRlsZMw3ofS8aVum67AsogtavY1pCZaHXRNkT7Hb2ioaZFbZjY7nrA==",
      "cpu": [
        "arm64"
      ],
      "license": "MIT OR Apache-2.0",
      "optional": true,
      "os": [
        "win32"
      ],
      "engines": {
        "node": ">= 10"
      }
    },
    "node_modules/@hansjm10/volt-iroh-win32-x64-msvc": {
      "version": "1.1.1-volt.2",
      "resolved": "https://registry.npmjs.org/@hansjm10/volt-iroh-win32-x64-msvc/-/volt-iroh-win32-x64-msvc-1.1.1-volt.2.tgz",
      "integrity": "sha512-Y3hVYDumolnw9z2twQWLcR5IZInlxhdcGUItOYzSwLIwf66zEsQpsR2RcNa5Rb4PX6lbWpTx0oaHytxup7W8VA==",
      "cpu": [
        "x64"
      ],
      "license": "MIT OR Apache-2.0",
      "optional": true,
      "os": [
        "win32"
      ],
      "engines": {
        "node": ">= 10"
      }
    }
  }
}
